lockfileVersion: '6.0'

settings:
  autoInstallPeers: true
  excludeLinksFromLockfile: false

dependencies:
  react:
    specifier: ^18.2.0
    version: 18.2.0
  react-dom:
    specifier: ^18.2.0
    version: 18.2.0

devDependencies:
  typescript:
    specifier: ^5.0.0
    version: 5.0.0
  vite:
    specifier: ^5.0.0
    version: 5.0.0
  '@vitejs/plugin-react':
    specifier: ^4.0.0
    version: 4.0.0

packages:
  /react@18.2.0:
    resolution: {integrity: sha512-abc123}
    engines: {node: '>=0.10.0'}
    dev: false

  /react-dom@18.2.0:
    resolution: {integrity: sha512-def456}
    peerDependencies:
      react: ^18.2.0
    dev: false
